<?xml version="1.0" encoding="utf-8"?>
<Project ToolsVersion="4.0" xmlns="http://schemas.microsoft.com/developer/msbuild/2003">
  <ItemGroup>
    <Filter Include="src">
      <UniqueIdentifier>{ab911ca5-49a2-487b-90fa-7ec7ed3d2c61}</UniqueIdentifier>
    </Filter>
    <Filter Include="src\Application">
      <UniqueIdentifier>{61bad5b1-53c2-4f31-8653-85fe95c40090}</UniqueIdentifier>
    </Filter>
    <Filter Include="src\BroodUI">
      <UniqueIdentifier>{4793e693-9ce6-41b0-83d3-a64217ae70cf}</UniqueIdentifier>
    </Filter>
    <Filter Include="src\BroodUI\Header Files">
      <UniqueIdentifier>{89877aec-ef65-4da4-b24e-c32f32105212}</UniqueIdentifier>
    </Filter>
    <Filter Include="src\BroodUI\Source Files">
      <UniqueIdentifier>{2c5023a8-b5ac-48f1-90d2-c35a999b4e1d}</UniqueIdentifier>
    </Filter>
    <Filter Include="src\Components">
      <UniqueIdentifier>{d7106b46-e160-4d73-a505-e73ac7966967}</UniqueIdentifier>
    </Filter>
    <Filter Include="src\Components\Header Files">
      <UniqueIdentifier>{67DA6AB6-F800-4c08-8B7A-83BB121AAD01}</UniqueIdentifier>
      <Extensions>rc;ico;cur;bmp;dlg;rc2;rct;bin;rgs;gif;jpg;jpeg;jpe;resx;tiff;tif;png;wav;mfcribbon-ms</Extensions>
    </Filter>
    <Filter Include="src\Components\Source Files">
      <UniqueIdentifier>{4FC737F1-C7A5-4376-A066-2A32D752A2FF}</UniqueIdentifier>
      <Extensions>cpp;c;cc;cxx;c++;cppm;ixx;def;odl;idl;hpj;bat;asm;asmx</Extensions>
    </Filter>
    <Filter Include="src\Application\Workspace">
      <UniqueIdentifier>{05706462-4b35-4426-aec7-cf2c61586aa3}</UniqueIdentifier>
    </Filter>
    <Filter Include="src\Application\Workspace\Header Files">
      <UniqueIdentifier>{b172850b-a0ff-4e6a-848a-f94d5547edf1}</UniqueIdentifier>
    </Filter>
    <Filter Include="src\Application\Workspace\Source Siles">
      <UniqueIdentifier>{63862170-54d1-463d-83a2-28ce4547f1b5}</UniqueIdentifier>
    </Filter>
    <Filter Include="src\Application\main">
      <UniqueIdentifier>{473e5c6e-9d93-4769-a525-94e83f4592a0}</UniqueIdentifier>
    </Filter>
    <Filter Include="src\Application\main\Source Files">
      <UniqueIdentifier>{f6d3f1d8-acee-403a-981d-a0d596daa233}</UniqueIdentifier>
    </Filter>
    <Filter Include="src\Application\main\Header Files">
      <UniqueIdentifier>{b2626c5f-8ee7-4f85-afa0-02e29c682dc8}</UniqueIdentifier>
    </Filter>
    <Filter Include="src\Application\Workspace\Editors">
      <UniqueIdentifier>{bad11806-11a2-41f6-b5a1-0864445dd7ca}</UniqueIdentifier>
    </Filter>
    <Filter Include="src\Application\Workspace\Editors\Header Files">
      <UniqueIdentifier>{01d4115c-d96d-49ab-abf3-d3373e4b3440}</UniqueIdentifier>
    </Filter>
    <Filter Include="src\Application\Workspace\Editors\Source Siles">
      <UniqueIdentifier>{823e8581-9a64-4dd8-989b-215a6f7aae33}</UniqueIdentifier>
    </Filter>
    <Filter Include="src\Components\Managers">
      <UniqueIdentifier>{8d3a7ad8-c110-4dc6-b989-9cf8726946aa}</UniqueIdentifier>
    </Filter>
    <Filter Include="src\Components\Managers\Header Files">
      <UniqueIdentifier>{b42e1d69-7cb8-401e-a6d8-65117a2ce383}</UniqueIdentifier>
    </Filter>
    <Filter Include="src\Components\Managers\Source Files">
      <UniqueIdentifier>{0b2005b3-5392-4a29-975f-324ac22b5bfa}</UniqueIdentifier>
    </Filter>
  </ItemGroup>
  <ItemGroup>
    <ClCompile Include="Board.cpp">
      <Filter>src\Components\Source Files</Filter>
    </ClCompile>
    <ClCompile Include="CardInfo.cpp">
      <Filter>src\Components\Source Files</Filter>
    </ClCompile>
    <ClCompile Include="Dice.cpp">
      <Filter>src\Components\Source Files</Filter>
    </ClCompile>
    <ClCompile Include="Player.cpp">
      <Filter>src\Components\Source Files</Filter>
    </ClCompile>
    <ClCompile Include="Struct_CtorParam.cpp">
      <Filter>src\Components\Source Files</Filter>
    </ClCompile>
    <ClCompile Include="Path.cpp">
      <Filter>src\Components\Source Files</Filter>
    </ClCompile>
    <ClCompile Include="Tiles.cpp">
      <Filter>src\Components\Source Files</Filter>
    </ClCompile>
    <ClCompile Include="Application.cpp">
      <Filter>src\Application\main\Source Files</Filter>
    </ClCompile>
    <ClCompile Include="Data.cpp">
      <Filter>src\Application\main\Source Files</Filter>
    </ClCompile>
    <ClCompile Include="GlobalVariables.cpp">
      <Filter>src\Application\main\Source Files</Filter>
    </ClCompile>
    <ClCompile Include="Button.cpp">
      <Filter>src\BroodUI\Source Files</Filter>
    </ClCompile>
    <ClCompile Include="DropDownInput.cpp">
      <Filter>src\BroodUI\Source Files</Filter>
    </ClCompile>
    <ClCompile Include="DropDownMenu.cpp">
      <Filter>src\BroodUI\Source Files</Filter>
    </ClCompile>
    <ClCompile Include="ElementSelection.cpp">
      <Filter>src\BroodUI\Source Files</Filter>
    </ClCompile>
    <ClCompile Include="MenuBar.cpp">
      <Filter>src\BroodUI\Source Files</Filter>
    </ClCompile>
    <ClCompile Include="TextBox.cpp">
      <Filter>src\BroodUI\Source Files</Filter>
    </ClCompile>
    <ClCompile Include="UI_ID.cpp">
      <Filter>src\BroodUI\Source Files</Filter>
    </ClCompile>
    <ClCompile Include="UIElement.cpp">
      <Filter>src\BroodUI\Source Files</Filter>
    </ClCompile>
    <ClCompile Include="MouseHandler.cpp">
      <Filter>src\BroodUI\Source Files</Filter>
    </ClCompile>
    <ClCompile Include="SpriteHandler.cpp">
      <Filter>src\BroodUI\Source Files</Filter>
    </ClCompile>
    <ClCompile Include="UtilityFunctions.cpp">
      <Filter>src\BroodUI\Source Files</Filter>
    </ClCompile>
    <ClCompile Include="WorkSpace.cpp">
      <Filter>src\Application\Workspace\Source Siles</Filter>
    </ClCompile>
    <ClCompile Include="HomeWorkSpace.cpp">
      <Filter>src\Application\Workspace\Source Siles</Filter>
    </ClCompile>
    <ClCompile Include="EditorWorkspace.cpp">
      <Filter>src\Application\Workspace\Source Siles</Filter>
    </ClCompile>
    <ClCompile Include="Main.cpp">
      <Filter>src\Application\main\Source Files</Filter>
    </ClCompile>
    <ClCompile Include="stdafx.cpp">
      <Filter>src\Application\main\Source Files</Filter>
    </ClCompile>
    <ClCompile Include="MapIdToElement.cpp">
      <Filter>src\BroodUI\Source Files</Filter>
    </ClCompile>
    <ClCompile Include="Deck.cpp">
      <Filter>src\Components\Source Files</Filter>
    </ClCompile>
    <ClCompile Include="GameDataManager.cpp">
      <Filter>src\Components\Source Files</Filter>
    </ClCompile>
    <ClCompile Include="BoardEditor.cpp">
      <Filter>src\Application\Workspace\Editors\Source Siles</Filter>
    </ClCompile>
    <ClCompile Include="GameEditor.cpp">
      <Filter>src\Application\Workspace\Editors\Source Siles</Filter>
    </ClCompile>
    <ClCompile Include="TileEditor.cpp">
      <Filter>src\Application\Workspace\Editors\Source Siles</Filter>
    </ClCompile>
    <ClCompile Include="CardEditor.cpp">
      <Filter>src\Application\Workspace\Editors\Source Siles</Filter>
    </ClCompile>
    <ClCompile Include="DeckEditor.cpp">
      <Filter>src\Application\Workspace\Editors\Source Siles</Filter>
    </ClCompile>
    <ClCompile Include="DiceEditor.cpp">
      <Filter>src\Application\Workspace\Editors\Source Siles</Filter>
    </ClCompile>
    <ClCompile Include="PlayerEditor.cpp">
      <Filter>src\Application\Workspace\Editors\Source Siles</Filter>
    </ClCompile>
    <ClCompile Include="DeckManager.cpp">
      <Filter>src\Components\Managers\Source Files</Filter>
    </ClCompile>
    <ClCompile Include="PathManager.cpp">
      <Filter>src\Components\Managers\Source Files</Filter>
    </ClCompile>
    <ClCompile Include="PlayerManager.cpp">
      <Filter>src\Components\Managers\Source Files</Filter>
    </ClCompile>
  </ItemGroup>
  <ItemGroup>
    <ClInclude Include="Board.h">
      <Filter>src\Components\Header Files</Filter>
    </ClInclude>
    <ClInclude Include="CardInfo.h">
      <Filter>src\Components\Header Files</Filter>
    </ClInclude>
    <ClInclude Include="Dice.h">
      <Filter>src\Components\Header Files</Filter>
    </ClInclude>
    <ClInclude Include="Player.h">
      <Filter>src\Components\Header Files</Filter>
    </ClInclude>
    <ClInclude Include="Path.h">
      <Filter>src\Components\Header Files</Filter>
    </ClInclude>
    <ClInclude Include="Tiles.h">
      <Filter>src\Components\Header Files</Filter>
    </ClInclude>
    <ClInclude Include="Application.h">
      <Filter>src\Application\main\Header Files</Filter>
    </ClInclude>
    <ClInclude Include="Data.h">
      <Filter>src\Application\main\Header Files</Filter>
    </ClInclude>
    <ClInclude Include="GlobalVariables.h">
      <Filter>src\Application\main\Header Files</Filter>
    </ClInclude>
    <ClInclude Include="Struct_CtorParam.h">
      <Filter>src\Components\Header Files</Filter>
    </ClInclude>
    <ClInclude Include="Button.h">
      <Filter>src\BroodUI\Header Files</Filter>
    </ClInclude>
    <ClInclude Include="DropDownInput.h">
      <Filter>src\BroodUI\Header Files</Filter>
    </ClInclude>
    <ClInclude Include="DropDownMenu.h">
      <Filter>src\BroodUI\Header Files</Filter>
    </ClInclude>
    <ClInclude Include="ElementSelection.h">
      <Filter>src\BroodUI\Header Files</Filter>
    </ClInclude>
    <ClInclude Include="MenuBar.h">
      <Filter>src\BroodUI\Header Files</Filter>
    </ClInclude>
    <ClInclude Include="TextBox.h">
      <Filter>src\BroodUI\Header Files</Filter>
    </ClInclude>
    <ClInclude Include="UI_ID.h">
      <Filter>src\BroodUI\Header Files</Filter>
    </ClInclude>
    <ClInclude Include="UIElement.h">
      <Filter>src\BroodUI\Header Files</Filter>
    </ClInclude>
    <ClInclude Include="UtilityFunctions.h">
      <Filter>src\BroodUI\Header Files</Filter>
    </ClInclude>
    <ClInclude Include="SpriteHandler.h">
      <Filter>src\BroodUI\Header Files</Filter>
    </ClInclude>
    <ClInclude Include="MouseHandler.h">
      <Filter>src\BroodUI\Header Files</Filter>
    </ClInclude>
    <ClInclude Include="EditorWorkspace.h">
      <Filter>src\Application\Workspace\Header Files</Filter>
    </ClInclude>
    <ClInclude Include="HomeWorkSpace.h">
      <Filter>src\Application\Workspace\Header Files</Filter>
    </ClInclude>
    <ClInclude Include="WorkSpace.h">
      <Filter>src\Application\Workspace\Header Files</Filter>
    </ClInclude>
    <ClInclude Include="stdafx.h">
      <Filter>src\Application\main\Header Files</Filter>
    </ClInclude>
    <ClInclude Include="MapIdToElement.h">
      <Filter>src\BroodUI\Header Files</Filter>
    </ClInclude>
    <ClInclude Include="Deck.h">
      <Filter>src\Components\Header Files</Filter>
    </ClInclude>
    <ClInclude Include="BoardEditor.h">
      <Filter>src\Application\Workspace\Editors\Header Files</Filter>
    </ClInclude>
    <ClInclude Include="CardEditor.h">
      <Filter>src\Application\Workspace\Editors\Header Files</Filter>
    </ClInclude>
    <ClInclude Include="DeckEditor.h">
      <Filter>src\Application\Workspace\Editors\Header Files</Filter>
    </ClInclude>
    <ClInclude Include="DiceEditor.h">
      <Filter>src\Application\Workspace\Editors\Header Files</Filter>
    </ClInclude>
    <ClInclude Include="GameEditor.h">
      <Filter>src\Application\Workspace\Editors\Header Files</Filter>
    </ClInclude>
    <ClInclude Include="PlayerEditor.h">
      <Filter>src\Application\Workspace\Editors\Header Files</Filter>
    </ClInclude>
    <ClInclude Include="TileEditor.h">
      <Filter>src\Application\Workspace\Editors\Header Files</Filter>
    </ClInclude>
    <ClInclude Include="DeckManager.h">
      <Filter>src\Components\Managers\Header Files</Filter>
    </ClInclude>
    <ClInclude Include="PathManager.h">
      <Filter>src\Components\Managers\Header Files</Filter>
    </ClInclude>
    <ClInclude Include="PlayerManager.h">
      <Filter>src\Components\Managers\Header Files</Filter>
    </ClInclude>
    <ClInclude Include="GameDataManager.h">
      <Filter>src\Components\Managers\Header Files</Filter>
    </ClInclude>
  </ItemGroup>
</Project>